
Microsoft Visual Studio Solution File, Format Version 12.00
# Visual Studio Version 17
VisualStudioVersion = 17.4.33205.214
MinimumVisualStudioVersion = 10.0.40219.1
Project("{9A19103F-16F7-4668-BE54-9A1E7A4F7556}") = "Taxlot Search", "Taxlot Search\Taxlot Search.csproj", "{83AD4350-4AD1-4F30-8AE6-CA5DAA0326B7}"
EndProject
Global
	GlobalSection(SolutionConfigurationPlatforms) = preSolution
		Debug|x64 = Debug|x64
		Release|x64 = Release|x64
	EndGlobalSection
	GlobalSection(ProjectConfigurationPlatforms) = postSolution
		{83AD4350-4AD1-4F30-8AE6-CA5DAA0326B7}.Debug|x64.ActiveCfg = Debug|Any CPU
		{83AD4350-4AD1-4F30-8AE6-CA5DAA0326B7}.Debug|x64.Build.0 = Debug|Any CPU
		{83AD4350-4AD1-4F30-8AE6-CA5DAA0326B7}.Release|x64.ActiveCfg = Release|Any CPU
		{83AD4350-4AD1-4F30-8AE6-CA5DAA0326B7}.Release|x64.Build.0 = Release|Any CPU
	EndGlobalSection
	GlobalSection(SolutionProperties) = preSolution
		HideSolutionNode = FALSE
	EndGlobalSection
	GlobalSection(ExtensibilityGlobals) = postSolution
		SolutionGuid = {96F1E7A1-30BB-4080-AD46-738EF9575E71}
	EndGlobalSection
EndGlobal
